
Microsoft Visual Studio Solution File, Format Version 12.00
# Visual Studio Version 16
VisualStudioVersion = 16.0.30104.148
MinimumVisualStudioVersion = 10.0.40219.1
Project("{9A19103F-16F7-4668-BE54-9A1E7A4F7556}") = "EPP.Domain", "EPP.Domain\EPP.Domain.csproj", "{0B41C68E-D5E3-47D0-B346-FBD105129B4B}"
EndProject
Project("{9A19103F-16F7-4668-BE54-9A1E7A4F7556}") = "EPP.Application", "EPP.Application\EPP.Application.csproj", "{2438BADA-776A-4658-8A8E-4E688C0E9BCB}"
EndProject
Project("{9A19103F-16F7-4668-BE54-9A1E7A4F7556}") = "EPP.Infrastructure", "EPP.Infrastructure\EPP.Infrastructure.csproj", "{80F66319-E1E5-4AC9-BC05-24E021BDF5A6}"
EndProject
Project("{FAE04EC0-301F-11D3-BF4B-00C04F79EFBC}") = "EPP.Api", "EPP.Api\EPP.Api.csproj", "{69FA3E41-B77B-4B83-8F34-113A14322A4E}"
EndProject
Global
	GlobalSection(SolutionConfigurationPlatforms) = preSolution
		Debug|Any CPU = Debug|Any CPU
		Release|Any CPU = Release|Any CPU
	EndGlobalSection
	GlobalSection(ProjectConfigurationPlatforms) = postSolution
		{0B41C68E-D5E3-47D0-B346-FBD105129B4B}.Debug|Any CPU.ActiveCfg = Debug|Any CPU
		{0B41C68E-D5E3-47D0-B346-FBD105129B4B}.Debug|Any CPU.Build.0 = Debug|Any CPU
		{0B41C68E-D5E3-47D0-B346-FBD105129B4B}.Release|Any CPU.ActiveCfg = Release|Any CPU
		{0B41C68E-D5E3-47D0-B346-FBD105129B4B}.Release|Any CPU.Build.0 = Release|Any CPU
		{2438BADA-776A-4658-8A8E-4E688C0E9BCB}.Debug|Any CPU.ActiveCfg = Debug|Any CPU
		{2438BADA-776A-4658-8A8E-4E688C0E9BCB}.Debug|Any CPU.Build.0 = Debug|Any CPU
		{2438BADA-776A-4658-8A8E-4E688C0E9BCB}.Release|Any CPU.ActiveCfg = Release|Any CPU
		{2438BADA-776A-4658-8A8E-4E688C0E9BCB}.Release|Any CPU.Build.0 = Release|Any CPU
		{80F66319-E1E5-4AC9-BC05-24E021BDF5A6}.Debug|Any CPU.ActiveCfg = Debug|Any CPU
		{80F66319-E1E5-4AC9-BC05-24E021BDF5A6}.Debug|Any CPU.Build.0 = Debug|Any CPU
		{80F66319-E1E5-4AC9-BC05-24E021BDF5A6}.Release|Any CPU.ActiveCfg = Release|Any CPU
		{80F66319-E1E5-4AC9-BC05-24E021BDF5A6}.Release|Any CPU.Build.0 = Release|Any CPU
		{69FA3E41-B77B-4B83-8F34-113A14322A4E}.Debug|Any CPU.ActiveCfg = Debug|Any CPU
		{69FA3E41-B77B-4B83-8F34-113A14322A4E}.Debug|Any CPU.Build.0 = Debug|Any CPU
		{69FA3E41-B77B-4B83-8F34-113A14322A4E}.Release|Any CPU.ActiveCfg = Release|Any CPU
		{69FA3E41-B77B-4B83-8F34-113A14322A4E}.Release|Any CPU.Build.0 = Release|Any CPU
	EndGlobalSection
	GlobalSection(SolutionProperties) = preSolution
		HideSolutionNode = FALSE
	EndGlobalSection
	GlobalSection(ExtensibilityGlobals) = postSolution
		SolutionGuid = {3E84A2F9-E25B-477F-BE0B-D9EA8D1BA0B9}
	EndGlobalSection
EndGlobal
